// !$*UTF8*$!
{
	archiveVersion = 1;
	classes = {
	};
	objectVersion = 48;
	objects = {

/* Begin PBXBuildFile section */
		57E1ABC61FA427E4000CB949 /* AppDelegate.swift in Sources */ = {isa = PBXBuildFile; fileRef = 57E1ABC51FA427E4000CB949 /* AppDelegate.swift */; };
		57E1ABCB1FA427E4000CB949 /* Main.storyboard in Resources */ = {isa = PBXBuildFile; fileRef = 57E1ABC91FA427E4000CB949 /* Main.storyboard */; };
		57E1ABCE1FA427E4000CB949 /* my_block.xcdatamodeld in Sources */ = {isa = PBXBuildFile; fileRef = 57E1ABCC1FA427E4000CB949 /* my_block.xcdatamodeld */; };
		57E1ABD01FA427E4000CB949 /* Assets.xcassets in Resources */ = {isa = PBXBuildFile; fileRef = 57E1ABCF1FA427E4000CB949 /* Assets.xcassets */; };
		57E1ABD31FA427E4000CB949 /* LaunchScreen.storyboard in Resources */ = {isa = PBXBuildFile; fileRef = 57E1ABD11FA427E4000CB949 /* LaunchScreen.storyboard */; };
		57E1ABDB1FA428BC000CB949 /* DeliveryListViewController.swift in Sources */ = {isa = PBXBuildFile; fileRef = 57E1ABDA1FA428BC000CB949 /* DeliveryListViewController.swift */; };
		57E1ABDF1FA42AFD000CB949 /* Delivery.swift in Sources */ = {isa = PBXBuildFile; fileRef = 57E1ABDE1FA42AFD000CB949 /* Delivery.swift */; };
		57E1ABE11FA42B44000CB949 /* JSONObject.swift in Sources */ = {isa = PBXBuildFile; fileRef = 57E1ABE01FA42B44000CB949 /* JSONObject.swift */; };
		57E1ABE41FA42D36000CB949 /* GetDeliveriesService.swift in Sources */ = {isa = PBXBuildFile; fileRef = 57E1ABE31FA42D36000CB949 /* GetDeliveriesService.swift */; };
		57E1ABE61FA42D73000CB949 /* MyBlockEndpoint.swift in Sources */ = {isa = PBXBuildFile; fileRef = 57E1ABE51FA42D73000CB949 /* MyBlockEndpoint.swift */; };
		57E1ABE81FA42DA9000CB949 /* APIEndpoint.swift in Sources */ = {isa = PBXBuildFile; fileRef = 57E1ABE71FA42DA9000CB949 /* APIEndpoint.swift */; };
		57E1ABEA1FA434C4000CB949 /* DeliveryDetailViewController.swift in Sources */ = {isa = PBXBuildFile; fileRef = 57E1ABE91FA434C4000CB949 /* DeliveryDetailViewController.swift */; };
		57E1ABED1FA46909000CB949 /* DeliveryStatus.swift in Sources */ = {isa = PBXBuildFile; fileRef = 57E1ABEC1FA46909000CB949 /* DeliveryStatus.swift */; };
		57E1ABEF1FA46CAD000CB949 /* DeliveryDuration.swift in Sources */ = {isa = PBXBuildFile; fileRef = 57E1ABEE1FA46CAD000CB949 /* DeliveryDuration.swift */; };
		57E1ABF11FA47485000CB949 /* Date+Extension.swift in Sources */ = {isa = PBXBuildFile; fileRef = 57E1ABF01FA47485000CB949 /* Date+Extension.swift */; };
		57E1ABF31FA4878F000CB949 /* DeliveryReward.swift in Sources */ = {isa = PBXBuildFile; fileRef = 57E1ABF21FA4878F000CB949 /* DeliveryReward.swift */; };
		57E1ABF51FA4982F000CB949 /* UpdateDeliveryDateService.swift in Sources */ = {isa = PBXBuildFile; fileRef = 57E1ABF41FA4982F000CB949 /* UpdateDeliveryDateService.swift */; };
/* End PBXBuildFile section */

/* Begin PBXFileReference section */
		57E1ABC21FA427E4000CB949 /* my-block.app */ = {isa = PBXFileReference; explicitFileType = wrapper.application; includeInIndex = 0; path = "my-block.app"; sourceTree = BUILT_PRODUCTS_DIR; };
		57E1ABC51FA427E4000CB949 /* AppDelegate.swift */ = {isa = PBXFileReference; lastKnownFileType = sourcecode.swift; path = AppDelegate.swift; sourceTree = "<group>"; };
		57E1ABCA1FA427E4000CB949 /* Base */ = {isa = PBXFileReference; lastKnownFileType = file.storyboard; name = Base; path = Base.lproj/Main.storyboard; sourceTree = "<group>"; };
		57E1ABCD1FA427E4000CB949 /* my_block.xcdatamodel */ = {isa = PBXFileReference; lastKnownFileType = wrapper.xcdatamodel; path = my_block.xcdatamodel; sourceTree = "<group>"; };
		57E1ABCF1FA427E4000CB949 /* Assets.xcassets */ = {isa = PBXFileReference; lastKnownFileType = folder.assetcatalog; path = Assets.xcassets; sourceTree = "<group>"; };
		57E1ABD21FA427E4000CB949 /* Base */ = {isa = PBXFileReference; lastKnownFileType = file.storyboard; name = Base; path = Base.lproj/LaunchScreen.storyboard; sourceTree = "<group>"; };
		57E1ABD41FA427E4000CB949 /* Info.plist */ = {isa = PBXFileReference; lastKnownFileType = text.plist.xml; path = Info.plist; sourceTree = "<group>"; };
		57E1ABDA1FA428BC000CB949 /* DeliveryListViewController.swift */ = {isa = PBXFileReference; lastKnownFileType = sourcecode.swift; path = DeliveryListViewController.swift; sourceTree = "<group>"; };
		57E1ABDE1FA42AFD000CB949 /* Delivery.swift */ = {isa = PBXFileReference; lastKnownFileType = sourcecode.swift; path = Delivery.swift; sourceTree = "<group>"; };
		57E1ABE01FA42B44000CB949 /* JSONObject.swift */ = {isa = PBXFileReference; lastKnownFileType = sourcecode.swift; path = JSONObject.swift; sourceTree = "<group>"; };
		57E1ABE31FA42D36000CB949 /* GetDeliveriesService.swift */ = {isa = PBXFileReference; lastKnownFileType = sourcecode.swift; path = GetDeliveriesService.swift; sourceTree = "<group>"; };
		57E1ABE51FA42D73000CB949 /* MyBlockEndpoint.swift */ = {isa = PBXFileReference; lastKnownFileType = sourcecode.swift; path = MyBlockEndpoint.swift; sourceTree = "<group>"; };
		57E1ABE71FA42DA9000CB949 /* APIEndpoint.swift */ = {isa = PBXFileReference; lastKnownFileType = sourcecode.swift; path = APIEndpoint.swift; sourceTree = "<group>"; };
		57E1ABE91FA434C4000CB949 /* DeliveryDetailViewController.swift */ = {isa = PBXFileReference; lastKnownFileType = sourcecode.swift; path = DeliveryDetailViewController.swift; sourceTree = "<group>"; };
		57E1ABEC1FA46909000CB949 /* DeliveryStatus.swift */ = {isa = PBXFileReference; lastKnownFileType = sourcecode.swift; path = DeliveryStatus.swift; sourceTree = "<group>"; };
		57E1ABEE1FA46CAD000CB949 /* DeliveryDuration.swift */ = {isa = PBXFileReference; lastKnownFileType = sourcecode.swift; path = DeliveryDuration.swift; sourceTree = "<group>"; };
		57E1ABF01FA47485000CB949 /* Date+Extension.swift */ = {isa = PBXFileReference; lastKnownFileType = sourcecode.swift; path = "Date+Extension.swift"; sourceTree = "<group>"; };
		57E1ABF21FA4878F000CB949 /* DeliveryReward.swift */ = {isa = PBXFileReference; lastKnownFileType = sourcecode.swift; path = DeliveryReward.swift; sourceTree = "<group>"; };
		57E1ABF41FA4982F000CB949 /* UpdateDeliveryDateService.swift */ = {isa = PBXFileReference; lastKnownFileType = sourcecode.swift; path = UpdateDeliveryDateService.swift; sourceTree = "<group>"; };
/* End PBXFileReference section */

/* Begin PBXFrameworksBuildPhase section */
		57E1ABBF1FA427E4000CB949 /* Frameworks */ = {
			isa = PBXFrameworksBuildPhase;
			buildActionMask = 2147483647;
			files = (
			);
			runOnlyForDeploymentPostprocessing = 0;
		};
/* End PBXFrameworksBuildPhase section */

/* Begin PBXGroup section */
		57E1ABB91FA427E4000CB949 = {
			isa = PBXGroup;
			children = (
				57E1ABC41FA427E4000CB949 /* my-block */,
				57E1ABC31FA427E4000CB949 /* Products */,
			);
			sourceTree = "<group>";
		};
		57E1ABC31FA427E4000CB949 /* Products */ = {
			isa = PBXGroup;
			children = (
				57E1ABC21FA427E4000CB949 /* my-block.app */,
			);
			name = Products;
			sourceTree = "<group>";
		};
		57E1ABC41FA427E4000CB949 /* my-block */ = {
			isa = PBXGroup;
			children = (
				57E1ABEB1FA468E9000CB949 /* Utility */,
				57E1ABE21FA42D19000CB949 /* Service */,
				57E1ABDD1FA42AEC000CB949 /* Model */,
				57E1ABDC1FA428CA000CB949 /* ViewController */,
				57E1ABC51FA427E4000CB949 /* AppDelegate.swift */,
				57E1ABC91FA427E4000CB949 /* Main.storyboard */,
				57E1ABCF1FA427E4000CB949 /* Assets.xcassets */,
				57E1ABD11FA427E4000CB949 /* LaunchScreen.storyboard */,
				57E1ABD41FA427E4000CB949 /* Info.plist */,
				57E1ABCC1FA427E4000CB949 /* my_block.xcdatamodeld */,
			);
			path = "my-block";
			sourceTree = "<group>";
		};
		57E1ABDC1FA428CA000CB949 /* ViewController */ = {
			isa = PBXGroup;
			children = (
				57E1ABDA1FA428BC000CB949 /* DeliveryListViewController.swift */,
				57E1ABE91FA434C4000CB949 /* DeliveryDetailViewController.swift */,
			);
			path = ViewController;
			sourceTree = "<group>";
		};
		57E1ABDD1FA42AEC000CB949 /* Model */ = {
			isa = PBXGroup;
			children = (
				57E1ABDE1FA42AFD000CB949 /* Delivery.swift */,
				57E1ABE01FA42B44000CB949 /* JSONObject.swift */,
			);
			path = Model;
			sourceTree = "<group>";
		};
		57E1ABE21FA42D19000CB949 /* Service */ = {
			isa = PBXGroup;
			children = (
				57E1ABE31FA42D36000CB949 /* GetDeliveriesService.swift */,
				57E1ABE51FA42D73000CB949 /* MyBlockEndpoint.swift */,
				57E1ABE71FA42DA9000CB949 /* APIEndpoint.swift */,
				57E1ABF41FA4982F000CB949 /* UpdateDeliveryDateService.swift */,
			);
			path = Service;
			sourceTree = "<group>";
		};
		57E1ABEB1FA468E9000CB949 /* Utility */ = {
			isa = PBXGroup;
			children = (
				57E1ABEC1FA46909000CB949 /* DeliveryStatus.swift */,
				57E1ABEE1FA46CAD000CB949 /* DeliveryDuration.swift */,
				57E1ABF01FA47485000CB949 /* Date+Extension.swift */,
				57E1ABF21FA4878F000CB949 /* DeliveryReward.swift */,
			);
			path = Utility;
			sourceTree = "<group>";
		};
/* End PBXGroup section */

/* Begin PBXNativeTarget section */
		57E1ABC11FA427E4000CB949 /* my-block */ = {
			isa = PBXNativeTarget;
			buildConfigurationList = 57E1ABD71FA427E4000CB949 /* Build configuration list for PBXNativeTarget "my-block" */;
			buildPhases = (
				57E1ABBE1FA427E4000CB949 /* Sources */,
				57E1ABBF1FA427E4000CB949 /* Frameworks */,
				57E1ABC01FA427E4000CB949 /* Resources */,
			);
			buildRules = (
			);
			dependencies = (
			);
			name = "my-block";
			productName = "my-block";
			productReference = 57E1ABC21FA427E4000CB949 /* my-block.app */;
			productType = "com.apple.product-type.application";
		};
/* End PBXNativeTarget section */

/* Begin PBXProject section */
		57E1ABBA1FA427E4000CB949 /* Project object */ = {
			isa = PBXProject;
			attributes = {
				LastSwiftUpdateCheck = 0900;
				LastUpgradeCheck = 0900;
				ORGANIZATIONNAME = "Masaya Hayashi";
				TargetAttributes = {
					57E1ABC11FA427E4000CB949 = {
						CreatedOnToolsVersion = 9.0;
						ProvisioningStyle = Automatic;
					};
				};
			};
			buildConfigurationList = 57E1ABBD1FA427E4000CB949 /* Build configuration list for PBXProject "my-block" */;
			compatibilityVersion = "Xcode 8.0";
			developmentRegion = en;
			hasScannedForEncodings = 0;
			knownRegions = (
				en,
				Base,
			);
			mainGroup = 57E1ABB91FA427E4000CB949;
			productRefGroup = 57E1ABC31FA427E4000CB949 /* Products */;
			projectDirPath = "";
			projectRoot = "";
			targets = (
				57E1ABC11FA427E4000CB949 /* my-block */,
			);
		};
/* End PBXProject section */

/* Begin PBXResourcesBuildPhase section */
		57E1ABC01FA427E4000CB949 /* Resources */ = {
			isa = PBXResourcesBuildPhase;
			buildActionMask = 2147483647;
			files = (
				57E1ABD31FA427E4000CB949 /* LaunchScreen.storyboard in Resources */,
				57E1ABD01FA427E4000CB949 /* Assets.xcassets in Resources */,
				57E1ABCB1FA427E4000CB949 /* Main.storyboard in Resources */,
			);
			runOnlyForDeploymentPostprocessing = 0;
		};
/* End PBXResourcesBuildPhase section */

/* Begin PBXSourcesBuildPhase section */
		57E1ABBE1FA427E4000CB949 /* Sources */ = {
			isa = PBXSourcesBuildPhase;
			buildActionMask = 2147483647;
			files = (
				57E1ABDB1FA428BC000CB949 /* DeliveryListViewController.swift in Sources */,
				57E1ABE81FA42DA9000CB949 /* APIEndpoint.swift in Sources */,
				57E1ABCE1FA427E4000CB949 /* my_block.xcdatamodeld in Sources */,
				57E1ABF31FA4878F000CB949 /* DeliveryReward.swift in Sources */,
				57E1ABED1FA46909000CB949 /* DeliveryStatus.swift in Sources */,
				57E1ABE61FA42D73000CB949 /* MyBlockEndpoint.swift in Sources */,
				57E1ABE41FA42D36000CB949 /* GetDeliveriesService.swift in Sources */,
				57E1ABC61FA427E4000CB949 /* AppDelegate.swift in Sources */,
				57E1ABEA1FA434C4000CB949 /* DeliveryDetailViewController.swift in Sources */,
				57E1ABF11FA47485000CB949 /* Date+Extension.swift in Sources */,
				57E1ABF51FA4982F000CB949 /* UpdateDeliveryDateService.swift in Sources */,
				57E1ABE11FA42B44000CB949 /* JSONObject.swift in Sources */,
				57E1ABEF1FA46CAD000CB949 /* DeliveryDuration.swift in Sources */,
				57E1ABDF1FA42AFD000CB949 /* Delivery.swift in Sources */,
			);
			runOnlyForDeploymentPostprocessing = 0;
		};
/* End PBXSourcesBuildPhase section */

/* Begin PBXVariantGroup section */
		57E1ABC91FA427E4000CB949 /* Main.storyboard */ = {
			isa = PBXVariantGroup;
			children = (
				57E1ABCA1FA427E4000CB949 /* Base */,
			);
			name = Main.storyboard;
			sourceTree = "<group>";
		};
		57E1ABD11FA427E4000CB949 /* LaunchScreen.storyboard */ = {
			isa = PBXVariantGroup;
			children = (
				57E1ABD21FA427E4000CB949 /* Base */,
			);
			name = LaunchScreen.storyboard;
			sourceTree = "<group>";
		};
/* End PBXVariantGroup section */

/* Begin XCBuildConfiguration section */
		57E1ABD51FA427E4000CB949 /* Debug */ = {
			isa = XCBuildConfiguration;
			buildSettings = {
				ALWAYS_SEARCH_USER_PATHS = NO;
				CLANG_ANALYZER_NONNULL = YES;
				CLANG_ANALYZER_NUMBER_OBJECT_CONVERSION = YES_AGGRESSIVE;
				CLANG_CXX_LANGUAGE_STANDARD = "gnu++14";
				CLANG_CXX_LIBRARY = "libc++";
				CLANG_ENABLE_MODULES = YES;
				CLANG_ENABLE_OBJC_ARC = YES;
				CLANG_WARN_BLOCK_CAPTURE_AUTORELEASING = YES;
				CLANG_WARN_BOOL_CONVERSION = YES;
				CLANG_WARN_COMMA = YES;
				CLANG_WARN_CONSTANT_CONVERSION = YES;
				CLANG_WARN_DIRECT_OBJC_ISA_USAGE = YES_ERROR;
				CLANG_WARN_DOCUMENTATION_COMMENTS = YES;
				CLANG_WARN_EMPTY_BODY = YES;
				CLANG_WARN_ENUM_CONVERSION = YES;
				CLANG_WARN_INFINITE_RECURSION = YES;
				CLANG_WARN_INT_CONVERSION = YES;
				CLANG_WARN_NON_LITERAL_NULL_CONVERSION = YES;
				CLANG_WARN_OBJC_LITERAL_CONVERSION = YES;
				CLANG_WARN_OBJC_ROOT_CLASS = YES_ERROR;
				CLANG_WARN_RANGE_LOOP_ANALYSIS = YES;
				CLANG_WARN_STRICT_PROTOTYPES = YES;
				CLANG_WARN_SUSPICIOUS_MOVE = YES;
				CLANG_WARN_UNGUARDED_AVAILABILITY = YES_AGGRESSIVE;
				CLANG_WARN_UNREACHABLE_CODE = YES;
				CLANG_WARN__DUPLICATE_METHOD_MATCH = YES;
				CODE_SIGN_IDENTITY = "iPhone Developer";
				COPY_PHASE_STRIP = NO;
				DEBUG_INFORMATION_FORMAT = dwarf;
				ENABLE_STRICT_OBJC_MSGSEND = YES;
				ENABLE_TESTABILITY = YES;
				GCC_C_LANGUAGE_STANDARD = gnu11;
				GCC_DYNAMIC_NO_PIC = NO;
				GCC_NO_COMMON_BLOCKS = YES;
				GCC_OPTIMIZATION_LEVEL = 0;
				GCC_PREPROCESSOR_DEFINITIONS = (
					"DEBUG=1",
					"$(inherited)",
				);
				GCC_WARN_64_TO_32_BIT_CONVERSION = YES;
				GCC_WARN_ABOUT_RETURN_TYPE = YES_ERROR;
				GCC_WARN_UNDECLARED_SELECTOR = YES;
				GCC_WARN_UNINITIALIZED_AUTOS = YES_AGGRESSIVE;
				GCC_WARN_UNUSED_FUNCTION = YES;
				GCC_WARN_UNUSED_VARIABLE = YES;
				IPHONEOS_DEPLOYMENT_TARGET = 11.0;
				MTL_ENABLE_DEBUG_INFO = YES;
				ONLY_ACTIVE_ARCH = YES;
				SDKROOT = iphoneos;
				SWIFT_ACTIVE_COMPILATION_CONDITIONS = DEBUG;
				SWIFT_OPTIMIZATION_LEVEL = "-Onone";
			};
			name = Debug;
		};
		57E1ABD61FA427E4000CB949 /* Release */ = {
			isa = XCBuildConfiguration;
			buildSettings = {
				ALWAYS_SEARCH_USER_PATHS = NO;
				CLANG_ANALYZER_NONNULL = YES;
				CLANG_ANALYZER_NUMBER_OBJECT_CONVERSION = YES_AGGRESSIVE;
				CLANG_CXX_LANGUAGE_STANDARD = "gnu++14";
				CLANG_CXX_LIBRARY = "libc++";
				CLANG_ENABLE_MODULES = YES;
				CLANG_ENABLE_OBJC_ARC = YES;
				CLANG_WARN_BLOCK_CAPTURE_AUTORELEASING = YES;
				CLANG_WARN_BOOL_CONVERSION = YES;
				CLANG_WARN_COMMA = YES;
				CLANG_WARN_CONSTANT_CONVERSION = YES;
				CLANG_WARN_DIRECT_OBJC_ISA_USAGE = YES_ERROR;
				CLANG_WARN_DOCUMENTATION_COMMENTS = YES;
				CLANG_WARN_EMPTY_BODY = YES;
				CLANG_WARN_ENUM_CONVERSION = YES;
				CLANG_WARN_INFINITE_RECURSION = YES;
				CLANG_WARN_INT_CONVERSION = YES;
				CLANG_WARN_NON_LITERAL_NULL_CONVERSION = YES;
				CLANG_WARN_OBJC_LITERAL_CONVERSION = YES;
				CLANG_WARN_OBJC_ROOT_CLASS = YES_ERROR;
				CLANG_WARN_RANGE_LOOP_ANALYSIS = YES;
				CLANG_WARN_STRICT_PROTOTYPES = YES;
				CLANG_WARN_SUSPICIOUS_MOVE = YES;
				CLANG_WARN_UNGUARDED_AVAILABILITY = YES_AGGRESSIVE;
				CLANG_WARN_UNREACHABLE_CODE = YES;
				CLANG_WARN__DUPLICATE_METHOD_MATCH = YES;
				CODE_SIGN_IDENTITY = "iPhone Developer";
				COPY_PHASE_STRIP = NO;
				DEBUG_INFORMATION_FORMAT = "dwarf-with-dsym";
				ENABLE_NS_ASSERTIONS = NO;
				ENABLE_STRICT_OBJC_MSGSEND = YES;
				GCC_C_LANGUAGE_STANDARD = gnu11;
				GCC_NO_COMMON_BLOCKS = YES;
				GCC_WARN_64_TO_32_BIT_CONVERSION = YES;
				GCC_WARN_ABOUT_RETURN_TYPE = YES_ERROR;
				GCC_WARN_UNDECLARED_SELECTOR = YES;
				GCC_WARN_UNINITIALIZED_AUTOS = YES_AGGRESSIVE;
				GCC_WARN_UNUSED_FUNCTION = YES;
				GCC_WARN_UNUSED_VARIABLE = YES;
				IPHONEOS_DEPLOYMENT_TARGET = 11.0;
				MTL_ENABLE_DEBUG_INFO = NO;
				SDKROOT = iphoneos;
				SWIFT_OPTIMIZATION_LEVEL = "-Owholemodule";
				VALIDATE_PRODUCT = YES;
			};
			name = Release;
		};
		57E1ABD81FA427E4000CB949 /* Debug */ = {
			isa = XCBuildConfiguration;
			buildSettings = {
				ASSETCATALOG_COMPILER_APPICON_NAME = AppIcon;
				CODE_SIGN_STYLE = Automatic;
				DEVELOPMENT_TEAM = L9A82E54U5;
				INFOPLIST_FILE = "my-block/Info.plist";
				LD_RUNPATH_SEARCH_PATHS = "$(inherited) @executable_path/Frameworks";
				PRODUCT_BUNDLE_IDENTIFIER = "com.masayahayashi.my-block";
				PRODUCT_NAME = "$(TARGET_NAME)";
				SWIFT_VERSION = 4.0;
				TARGETED_DEVICE_FAMILY = "1,2";
			};
			name = Debug;
		};
		57E1ABD91FA427E4000CB949 /* Release */ = {
			isa = XCBuildConfiguration;
			buildSettings = {
				ASSETCATALOG_COMPILER_APPICON_NAME = AppIcon;
				CODE_SIGN_STYLE = Automatic;
				DEVELOPMENT_TEAM = L9A82E54U5;
				INFOPLIST_FILE = "my-block/Info.plist";
				LD_RUNPATH_SEARCH_PATHS = "$(inherited) @executable_path/Frameworks";
				PRODUCT_BUNDLE_IDENTIFIER = "com.masayahayashi.my-block";
				PRODUCT_NAME = "$(TARGET_NAME)";
				SWIFT_VERSION = 4.0;
				TARGETED_DEVICE_FAMILY = "1,2";
			};
			name = Release;
		};
/* End XCBuildConfiguration section */

/* Begin XCConfigurationList section */
		57E1ABBD1FA427E4000CB949 /* Build configuration list for PBXProject "my-block" */ = {
			isa = XCConfigurationList;
			buildConfigurations = (
				57E1ABD51FA427E4000CB949 /* Debug */,
				57E1ABD61FA427E4000CB949 /* Release */,
			);
			defaultConfigurationIsVisible = 0;
			defaultConfigurationName = Release;
		};
		57E1ABD71FA427E4000CB949 /* Build configuration list for PBXNativeTarget "my-block" */ = {
			isa = XCConfigurationList;
			buildConfigurations = (
				57E1ABD81FA427E4000CB949 /* Debug */,
				57E1ABD91FA427E4000CB949 /* Release */,
			);
			defaultConfigurationIsVisible = 0;
			defaultConfigurationName = Release;
		};
/* End XCConfigurationList section */

/* Begin XCVersionGroup section */
		57E1ABCC1FA427E4000CB949 /* my_block.xcdatamodeld */ = {
			isa = XCVersionGroup;
			children = (
				57E1ABCD1FA427E4000CB949 /* my_block.xcdatamodel */,
			);
			currentVersion = 57E1ABCD1FA427E4000CB949 /* my_block.xcdatamodel */;
			path = my_block.xcdatamodeld;
			sourceTree = "<group>";
			versionGroupType = wrapper.xcdatamodel;
		};
/* End XCVersionGroup section */
	};
	rootObject = 57E1ABBA1FA427E4000CB949 /* Project object */;
}
